// !$*UTF8*$!
{
	archiveVersion = 1;
	classes = {
	};
	objectVersion = 56;
	objects = {

/* Begin PBXBuildFile section */
		5BE4E3F72B975900009D0777 /* AppDelegate.swift in Sources */ = {isa = PBXBuildFile; fileRef = 5BE4E3F62B975900009D0777 /* AppDelegate.swift */; };
		5BE4E3F92B975900009D0777 /* SceneDelegate.swift in Sources */ = {isa = PBXBuildFile; fileRef = 5BE4E3F82B975900009D0777 /* SceneDelegate.swift */; };
		5BE4E3FB2B975900009D0777 /* ViewController.swift in Sources */ = {isa = PBXBuildFile; fileRef = 5BE4E3FA2B975900009D0777 /* ViewController.swift */; };
		5BE4E3FE2B975900009D0777 /* Main.storyboard in Resources */ = {isa = PBXBuildFile; fileRef = 5BE4E3FC2B975900009D0777 /* Main.storyboard */; };
		5BE4E4002B975903009D0777 /* Assets.xcassets in Resources */ = {isa = PBXBuildFile; fileRef = 5BE4E3FF2B975903009D0777 /* Assets.xcassets */; };
		5BE4E4032B975903009D0777 /* LaunchScreen.storyboard in Resources */ = {isa = PBXBuildFile; fileRef = 5BE4E4012B975903009D0777 /* LaunchScreen.storyboard */; };
		5BE4E40E2B975904009D0777 /* appShreTests.swift in Sources */ = {isa = PBXBuildFile; fileRef = 5BE4E40D2B975904009D0777 /* appShreTests.swift */; };
		5BE4E4182B975904009D0777 /* appShreUITests.swift in Sources */ = {isa = PBXBuildFile; fileRef = 5BE4E4172B975904009D0777 /* appShreUITests.swift */; };
		5BE4E41A2B975904009D0777 /* appShreUITestsLaunchTests.swift in Sources */ = {isa = PBXBuildFile; fileRef = 5BE4E4192B975904009D0777 /* appShreUITestsLaunchTests.swift */; };
/* End PBXBuildFile section */

/* Begin PBXContainerItemProxy section */
		5BE4E40A2B975904009D0777 /* PBXContainerItemProxy */ = {
			isa = PBXContainerItemProxy;
			containerPortal = 5BE4E3EB2B975900009D0777 /* Project object */;
			proxyType = 1;
			remoteGlobalIDString = 5BE4E3F22B975900009D0777;
			remoteInfo = appShre;
		};
		5BE4E4142B975904009D0777 /* PBXContainerItemProxy */ = {
			isa = PBXContainerItemProxy;
			containerPortal = 5BE4E3EB2B975900009D0777 /* Project object */;
			proxyType = 1;
			remoteGlobalIDString = 5BE4E3F22B975900009D0777;
			remoteInfo = appShre;
		};
/* End PBXContainerItemProxy section */

/* Begin PBXFileReference section */
		5BE4E3F32B975900009D0777 /* appShre.app */ = {isa = PBXFileReference; explicitFileType = wrapper.application; includeInIndex = 0; path = appShre.app; sourceTree = BUILT_PRODUCTS_DIR; };
		5BE4E3F62B975900009D0777 /* AppDelegate.swift */ = {isa = PBXFileReference; lastKnownFileType = sourcecode.swift; path = AppDelegate.swift; sourceTree = "<group>"; };
		5BE4E3F82B975900009D0777 /* SceneDelegate.swift */ = {isa = PBXFileReference; lastKnownFileType = sourcecode.swift; path = SceneDelegate.swift; sourceTree = "<group>"; };
		5BE4E3FA2B975900009D0777 /* ViewController.swift */ = {isa = PBXFileReference; lastKnownFileType = sourcecode.swift; path = ViewController.swift; sourceTree = "<group>"; };
		5BE4E3FD2B975900009D0777 /* Base */ = {isa = PBXFileReference; lastKnownFileType = file.storyboard; name = Base; path = Base.lproj/Main.storyboard; sourceTree = "<group>"; };
		5BE4E3FF2B975903009D0777 /* Assets.xcassets */ = {isa = PBXFileReference; lastKnownFileType = folder.assetcatalog; path = Assets.xcassets; sourceTree = "<group>"; };
		5BE4E4022B975903009D0777 /* Base */ = {isa = PBXFileReference; lastKnownFileType = file.storyboard; name = Base; path = Base.lproj/LaunchScreen.storyboard; sourceTree = "<group>"; };
		5BE4E4042B975903009D0777 /* Info.plist */ = {isa = PBXFileReference; lastKnownFileType = text.plist.xml; path = Info.plist; sourceTree = "<group>"; };
		5BE4E4092B975904009D0777 /* appShreTests.xctest */ = {isa = PBXFileReference; explicitFileType = wrapper.cfbundle; includeInIndex = 0; path = appShreTests.xctest; sourceTree = BUILT_PRODUCTS_DIR; };
		5BE4E40D2B975904009D0777 /* appShreTests.swift */ = {isa = PBXFileReference; lastKnownFileType = sourcecode.swift; path = appShreTests.swift; sourceTree = "<group>"; };
		5BE4E4132B975904009D0777 /* appShreUITests.xctest */ = {isa = PBXFileReference; explicitFileType = wrapper.cfbundle; includeInIndex = 0; path = appShreUITests.xctest; sourceTree = BUILT_PRODUCTS_DIR; };
		5BE4E4172B975904009D0777 /* appShreUITests.swift */ = {isa = PBXFileReference; lastKnownFileType = sourcecode.swift; path = appShreUITests.swift; sourceTree = "<group>"; };
		5BE4E4192B975904009D0777 /* appShreUITestsLaunchTests.swift */ = {isa = PBXFileReference; lastKnownFileType = sourcecode.swift; path = appShreUITestsLaunchTests.swift; sourceTree = "<group>"; };
/* End PBXFileReference section */

/* Begin PBXFrameworksBuildPhase section */
		5BE4E3F02B975900009D0777 /* Frameworks */ = {
			isa = PBXFrameworksBuildPhase;
			buildActionMask = 2147483647;
			files = (
			);
			runOnlyForDeploymentPostprocessing = 0;
		};
		5BE4E4062B975904009D0777 /* Frameworks */ = {
			isa = PBXFrameworksBuildPhase;
			buildActionMask = 2147483647;
			files = (
			);
			runOnlyForDeploymentPostprocessing = 0;
		};
		5BE4E4102B975904009D0777 /* Frameworks */ = {
			isa = PBXFrameworksBuildPhase;
			buildActionMask = 2147483647;
			files = (
			);
			runOnlyForDeploymentPostprocessing = 0;
		};
/* End PBXFrameworksBuildPhase section */

/* Begin PBXGroup section */
		5BE4E3EA2B975900009D0777 = {
			isa = PBXGroup;
			children = (
				5BE4E3F52B975900009D0777 /* appShre */,
				5BE4E40C2B975904009D0777 /* appShreTests */,
				5BE4E4162B975904009D0777 /* appShreUITests */,
				5BE4E3F42B975900009D0777 /* Products */,
			);
			sourceTree = "<group>";
		};
		5BE4E3F42B975900009D0777 /* Products */ = {
			isa = PBXGroup;
			children = (
				5BE4E3F32B975900009D0777 /* appShre.app */,
				5BE4E4092B975904009D0777 /* appShreTests.xctest */,
				5BE4E4132B975904009D0777 /* appShreUITests.xctest */,
			);
			name = Products;
			sourceTree = "<group>";
		};
		5BE4E3F52B975900009D0777 /* appShre */ = {
			isa = PBXGroup;
			children = (
				5BE4E3F62B975900009D0777 /* AppDelegate.swift */,
				5BE4E3F82B975900009D0777 /* SceneDelegate.swift */,
				5BE4E3FA2B975900009D0777 /* ViewController.swift */,
				5BE4E3FC2B975900009D0777 /* Main.storyboard */,
				5BE4E3FF2B975903009D0777 /* Assets.xcassets */,
				5BE4E4012B975903009D0777 /* LaunchScreen.storyboard */,
				5BE4E4042B975903009D0777 /* Info.plist */,
			);
			path = appShre;
			sourceTree = "<group>";
		};
		5BE4E40C2B975904009D0777 /* appShreTests */ = {
			isa = PBXGroup;
			children = (
				5BE4E40D2B975904009D0777 /* appShreTests.swift */,
			);
			path = appShreTests;
			sourceTree = "<group>";
		};
		5BE4E4162B975904009D0777 /* appShreUITests */ = {
			isa = PBXGroup;
			children = (
				5BE4E4172B975904009D0777 /* appShreUITests.swift */,
				5BE4E4192B975904009D0777 /* appShreUITestsLaunchTests.swift */,
			);
			path = appShreUITests;
			sourceTree = "<group>";
		};
/* End PBXGroup section */

/* Begin PBXNativeTarget section */
		5BE4E3F22B975900009D0777 /* appShre */ = {
			isa = PBXNativeTarget;
			buildConfigurationList = 5BE4E41D2B975904009D0777 /* Build configuration list for PBXNativeTarget "appShre" */;
			buildPhases = (
				5BE4E3EF2B975900009D0777 /* Sources */,
				5BE4E3F02B975900009D0777 /* Frameworks */,
				5BE4E3F12B975900009D0777 /* Resources */,
			);
			buildRules = (
			);
			dependencies = (
			);
			name = appShre;
			productName = appShre;
			productReference = 5BE4E3F32B975900009D0777 /* appShre.app */;
			productType = "com.apple.product-type.application";
		};
		5BE4E4082B975904009D0777 /* appShreTests */ = {
			isa = PBXNativeTarget;
			buildConfigurationList = 5BE4E4202B975904009D0777 /* Build configuration list for PBXNativeTarget "appShreTests" */;
			buildPhases = (
				5BE4E4052B975904009D0777 /* Sources */,
				5BE4E4062B975904009D0777 /* Frameworks */,
				5BE4E4072B975904009D0777 /* Resources */,
			);
			buildRules = (
			);
			dependencies = (
				5BE4E40B2B975904009D0777 /* PBXTargetDependency */,
			);
			name = appShreTests;
			productName = appShreTests;
			productReference = 5BE4E4092B975904009D0777 /* appShreTests.xctest */;
			productType = "com.apple.product-type.bundle.unit-test";
		};
		5BE4E4122B975904009D0777 /* appShreUITests */ = {
			isa = PBXNativeTarget;
			buildConfigurationList = 5BE4E4232B975904009D0777 /* Build configuration list for PBXNativeTarget "appShreUITests" */;
			buildPhases = (
				5BE4E40F2B975904009D0777 /* Sources */,
				5BE4E4102B975904009D0777 /* Frameworks */,
				5BE4E4112B975904009D0777 /* Resources */,
			);
			buildRules = (
			);
			dependencies = (
				5BE4E4152B975904009D0777 /* PBXTargetDependency */,
			);
			name = appShreUITests;
			productName = appShreUITests;
			productReference = 5BE4E4132B975904009D0777 /* appShreUITests.xctest */;
			productType = "com.apple.product-type.bundle.ui-testing";
		};
/* End PBXNativeTarget section */

/* Begin PBXProject section */
		5BE4E3EB2B975900009D0777 /* Project object */ = {
			isa = PBXProject;
			attributes = {
				BuildIndependentTargetsInParallel = 1;
				LastSwiftUpdateCheck = 1520;
				LastUpgradeCheck = 1520;
				TargetAttributes = {
					5BE4E3F22B975900009D0777 = {
						CreatedOnToolsVersion = 15.2;
					};
					5BE4E4082B975904009D0777 = {
						CreatedOnToolsVersion = 15.2;
						TestTargetID = 5BE4E3F22B975900009D0777;
					};
					5BE4E4122B975904009D0777 = {
						CreatedOnToolsVersion = 15.2;
						TestTargetID = 5BE4E3F22B975900009D0777;
					};
				};
			};
			buildConfigurationList = 5BE4E3EE2B975900009D0777 /* Build configuration list for PBXProject "appShre" */;
			compatibilityVersion = "Xcode 14.0";
			developmentRegion = en;
			hasScannedForEncodings = 0;
			knownRegions = (
				en,
				Base,
			);
			mainGroup = 5BE4E3EA2B975900009D0777;
			productRefGroup = 5BE4E3F42B975900009D0777 /* Products */;
			projectDirPath = "";
			projectRoot = "";
			targets = (
				5BE4E3F22B975900009D0777 /* appShre */,
				5BE4E4082B975904009D0777 /* appShreTests */,
				5BE4E4122B975904009D0777 /* appShreUITests */,
			);
		};
/* End PBXProject section */

/* Begin PBXResourcesBuildPhase section */
		5BE4E3F12B975900009D0777 /* Resources */ = {
			isa = PBXResourcesBuildPhase;
			buildActionMask = 2147483647;
			files = (
				5BE4E4032B975903009D0777 /* LaunchScreen.storyboard in Resources */,
				5BE4E4002B975903009D0777 /* Assets.xcassets in Resources */,
				5BE4E3FE2B975900009D0777 /* Main.storyboard in Resources */,
			);
			runOnlyForDeploymentPostprocessing = 0;
		};
		5BE4E4072B975904009D0777 /* Resources */ = {
			isa = PBXResourcesBuildPhase;
			buildActionMask = 2147483647;
			files = (
			);
			runOnlyForDeploymentPostprocessing = 0;
		};
		5BE4E4112B975904009D0777 /* Resources */ = {
			isa = PBXResourcesBuildPhase;
			buildActionMask = 2147483647;
			files = (
			);
			runOnlyForDeploymentPostprocessing = 0;
		};
/* End PBXResourcesBuildPhase section */

/* Begin PBXSourcesBuildPhase section */
		5BE4E3EF2B975900009D0777 /* Sources */ = {
			isa = PBXSourcesBuildPhase;
			buildActionMask = 2147483647;
			files = (
				5BE4E3FB2B975900009D0777 /* ViewController.swift in Sources */,
				5BE4E3F72B975900009D0777 /* AppDelegate.swift in Sources */,
				5BE4E3F92B975900009D0777 /* SceneDelegate.swift in Sources */,
			);
			runOnlyForDeploymentPostprocessing = 0;
		};
		5BE4E4052B975904009D0777 /* Sources */ = {
			isa = PBXSourcesBuildPhase;
			buildActionMask = 2147483647;
			files = (
				5BE4E40E2B975904009D0777 /* appShreTests.swift in Sources */,
			);
			runOnlyForDeploymentPostprocessing = 0;
		};
		5BE4E40F2B975904009D0777 /* Sources */ = {
			isa = PBXSourcesBuildPhase;
			buildActionMask = 2147483647;
			files = (
				5BE4E41A2B975904009D0777 /* appShreUITestsLaunchTests.swift in Sources */,
				5BE4E4182B975904009D0777 /* appShreUITests.swift in Sources */,
			);
			runOnlyForDeploymentPostprocessing = 0;
		};
/* End PBXSourcesBuildPhase section */

/* Begin PBXTargetDependency section */
		5BE4E40B2B975904009D0777 /* PBXTargetDependency */ = {
			isa = PBXTargetDependency;
			target = 5BE4E3F22B975900009D0777 /* appShre */;
			targetProxy = 5BE4E40A2B975904009D0777 /* PBXContainerItemProxy */;
		};
		5BE4E4152B975904009D0777 /* PBXTargetDependency */ = {
			isa = PBXTargetDependency;
			target = 5BE4E3F22B975900009D0777 /* appShre */;
			targetProxy = 5BE4E4142B975904009D0777 /* PBXContainerItemProxy */;
		};
/* End PBXTargetDependency section */

/* Begin PBXVariantGroup section */
		5BE4E3FC2B975900009D0777 /* Main.storyboard */ = {
			isa = PBXVariantGroup;
			children = (
				5BE4E3FD2B975900009D0777 /* Base */,
			);
			name = Main.storyboard;
			sourceTree = "<group>";
		};
		5BE4E4012B975903009D0777 /* LaunchScreen.storyboard */ = {
			isa = PBXVariantGroup;
			children = (
				5BE4E4022B975903009D0777 /* Base */,
			);
			name = LaunchScreen.storyboard;
			sourceTree = "<group>";
		};
/* End PBXVariantGroup section */

/* Begin XCBuildConfiguration section */
		5BE4E41B2B975904009D0777 /* Debug */ = {
			isa = XCBuildConfiguration;
			buildSettings = {
				ALWAYS_SEARCH_USER_PATHS = NO;
				ASSETCATALOG_COMPILER_GENERATE_SWIFT_ASSET_SYMBOL_EXTENSIONS = YES;
				CLANG_ANALYZER_NONNULL = YES;
				CLANG_ANALYZER_NUMBER_OBJECT_CONVERSION = YES_AGGRESSIVE;
				CLANG_CXX_LANGUAGE_STANDARD = "gnu++20";
				CLANG_ENABLE_MODULES = YES;
				CLANG_ENABLE_OBJC_ARC = YES;
				CLANG_ENABLE_OBJC_WEAK = YES;
				CLANG_WARN_BLOCK_CAPTURE_AUTORELEASING = YES;
				CLANG_WARN_BOOL_CONVERSION = YES;
				CLANG_WARN_COMMA = YES;
				CLANG_WARN_CONSTANT_CONVERSION = YES;
				CLANG_WARN_DEPRECATED_OBJC_IMPLEMENTATIONS = YES;
				CLANG_WARN_DIRECT_OBJC_ISA_USAGE = YES_ERROR;
				CLANG_WARN_DOCUMENTATION_COMMENTS = YES;
				CLANG_WARN_EMPTY_BODY = YES;
				CLANG_WARN_ENUM_CONVERSION = YES;
				CLANG_WARN_INFINITE_RECURSION = YES;
				CLANG_WARN_INT_CONVERSION = YES;
				CLANG_WARN_NON_LITERAL_NULL_CONVERSION = YES;
				CLANG_WARN_OBJC_IMPLICIT_RETAIN_SELF = YES;
				CLANG_WARN_OBJC_LITERAL_CONVERSION = YES;
				CLANG_WARN_OBJC_ROOT_CLASS = YES_ERROR;
				CLANG_WARN_QUOTED_INCLUDE_IN_FRAMEWORK_HEADER = YES;
				CLANG_WARN_RANGE_LOOP_ANALYSIS = YES;
				CLANG_WARN_STRICT_PROTOTYPES = YES;
				CLANG_WARN_SUSPICIOUS_MOVE = YES;
				CLANG_WARN_UNGUARDED_AVAILABILITY = YES_AGGRESSIVE;
				CLANG_WARN_UNREACHABLE_CODE = YES;
				CLANG_WARN__DUPLICATE_METHOD_MATCH = YES;
				COPY_PHASE_STRIP = NO;
				DEBUG_INFORMATION_FORMAT = dwarf;
				ENABLE_STRICT_OBJC_MSGSEND = YES;
				ENABLE_TESTABILITY = YES;
				ENABLE_USER_SCRIPT_SANDBOXING = YES;
				GCC_C_LANGUAGE_STANDARD = gnu17;
				GCC_DYNAMIC_NO_PIC = NO;
				GCC_NO_COMMON_BLOCKS = YES;
				GCC_OPTIMIZATION_LEVEL = 0;
				GCC_PREPROCESSOR_DEFINITIONS = (
					"DEBUG=1",
					"$(inherited)",
				);
				GCC_WARN_64_TO_32_BIT_CONVERSION = YES;
				GCC_WARN_ABOUT_RETURN_TYPE = YES_ERROR;
				GCC_WARN_UNDECLARED_SELECTOR = YES;
				GCC_WARN_UNINITIALIZED_AUTOS = YES_AGGRESSIVE;
				GCC_WARN_UNUSED_FUNCTION = YES;
				GCC_WARN_UNUSED_VARIABLE = YES;
				IPHONEOS_DEPLOYMENT_TARGET = 17.2;
				LOCALIZATION_PREFERS_STRING_CATALOGS = YES;
				MTL_ENABLE_DEBUG_INFO = INCLUDE_SOURCE;
				MTL_FAST_MATH = YES;
				ONLY_ACTIVE_ARCH = YES;
				SDKROOT = iphoneos;
				SWIFT_ACTIVE_COMPILATION_CONDITIONS = "DEBUG $(inherited)";
				SWIFT_OPTIMIZATION_LEVEL = "-Onone";
			};
			name = Debug;
		};
		5BE4E41C2B975904009D0777 /* Release */ = {
			isa = XCBuildConfiguration;
			buildSettings = {
				ALWAYS_SEARCH_USER_PATHS = NO;
				ASSETCATALOG_COMPILER_GENERATE_SWIFT_ASSET_SYMBOL_EXTENSIONS = YES;
				CLANG_ANALYZER_NONNULL = YES;
				CLANG_ANALYZER_NUMBER_OBJECT_CONVERSION = YES_AGGRESSIVE;
				CLANG_CXX_LANGUAGE_STANDARD = "gnu++20";
				CLANG_ENABLE_MODULES = YES;
				CLANG_ENABLE_OBJC_ARC = YES;
				CLANG_ENABLE_OBJC_WEAK = YES;
				CLANG_WARN_BLOCK_CAPTURE_AUTORELEASING = YES;
				CLANG_WARN_BOOL_CONVERSION = YES;
				CLANG_WARN_COMMA = YES;
				CLANG_WARN_CONSTANT_CONVERSION = YES;
				CLANG_WARN_DEPRECATED_OBJC_IMPLEMENTATIONS = YES;
				CLANG_WARN_DIRECT_OBJC_ISA_USAGE = YES_ERROR;
				CLANG_WARN_DOCUMENTATION_COMMENTS = YES;
				CLANG_WARN_EMPTY_BODY = YES;
				CLANG_WARN_ENUM_CONVERSION = YES;
				CLANG_WARN_INFINITE_RECURSION = YES;
				CLANG_WARN_INT_CONVERSION = YES;
				CLANG_WARN_NON_LITERAL_NULL_CONVERSION = YES;
				CLANG_WARN_OBJC_IMPLICIT_RETAIN_SELF = YES;
				CLANG_WARN_OBJC_LITERAL_CONVERSION = YES;
				CLANG_WARN_OBJC_ROOT_CLASS = YES_ERROR;
				CLANG_WARN_QUOTED_INCLUDE_IN_FRAMEWORK_HEADER = YES;
				CLANG_WARN_RANGE_LOOP_ANALYSIS = YES;
				CLANG_WARN_STRICT_PROTOTYPES = YES;
				CLANG_WARN_SUSPICIOUS_MOVE = YES;
				CLANG_WARN_UNGUARDED_AVAILABILITY = YES_AGGRESSIVE;
				CLANG_WARN_UNREACHABLE_CODE = YES;
				CLANG_WARN__DUPLICATE_METHOD_MATCH = YES;
				COPY_PHASE_STRIP = NO;
				DEBUG_INFORMATION_FORMAT = "dwarf-with-dsym";
				ENABLE_NS_ASSERTIONS = NO;
				ENABLE_STRICT_OBJC_MSGSEND = YES;
				ENABLE_USER_SCRIPT_SANDBOXING = YES;
				GCC_C_LANGUAGE_STANDARD = gnu17;
				GCC_NO_COMMON_BLOCKS = YES;
				GCC_WARN_64_TO_32_BIT_CONVERSION = YES;
				GCC_WARN_ABOUT_RETURN_TYPE = YES_ERROR;
				GCC_WARN_UNDECLARED_SELECTOR = YES;
				GCC_WARN_UNINITIALIZED_AUTOS = YES_AGGRESSIVE;
				GCC_WARN_UNUSED_FUNCTION = YES;
				GCC_WARN_UNUSED_VARIABLE = YES;
				IPHONEOS_DEPLOYMENT_TARGET = 17.2;
				LOCALIZATION_PREFERS_STRING_CATALOGS = YES;
				MTL_ENABLE_DEBUG_INFO = NO;
				MTL_FAST_MATH = YES;
				SDKROOT = iphoneos;
				SWIFT_COMPILATION_MODE = wholemodule;
				VALIDATE_PRODUCT = YES;
			};
			name = Release;
		};
		5BE4E41E2B975904009D0777 /* Debug */ = {
			isa = XCBuildConfiguration;
			buildSettings = {
				ASSETCATALOG_COMPILER_APPICON_NAME = AppIcon;
				ASSETCATALOG_COMPILER_GLOBAL_ACCENT_COLOR_NAME = AccentColor;
				CODE_SIGN_STYLE = Automatic;
				CURRENT_PROJECT_VERSION = 1;
				GENERATE_INFOPLIST_FILE = YES;
				INFOPLIST_FILE = appShre/Info.plist;
				INFOPLIST_KEY_UIApplicationSupportsIndirectInputEvents = YES;
				INFOPLIST_KEY_UILaunchStoryboardName = LaunchScreen;
				INFOPLIST_KEY_UIMainStoryboardFile = Main;
				INFOPLIST_KEY_UISupportedInterfaceOrientations_iPad = "UIInterfaceOrientationPortrait UIInterfaceOrientationPortraitUpsideDown UIInterfaceOrientationLandscapeLeft UIInterfaceOrientationLandscapeRight";
				INFOPLIST_KEY_UISupportedInterfaceOrientations_iPhone = "UIInterfaceOrientationPortrait UIInterfaceOrientationLandscapeLeft UIInterfaceOrientationLandscapeRight";
				LD_RUNPATH_SEARCH_PATHS = (
					"$(inherited)",
					"@executable_path/Frameworks",
				);
				MARKETING_VERSION = 1.0;
				PRODUCT_BUNDLE_IDENTIFIER = com.appShre;
				PRODUCT_NAME = "$(TARGET_NAME)";
				SWIFT_EMIT_LOC_STRINGS = YES;
				SWIFT_VERSION = 5.0;
				TARGETED_DEVICE_FAMILY = "1,2";
			};
			name = Debug;
		};
		5BE4E41F2B975904009D0777 /* Release */ = {
			isa = XCBuildConfiguration;
			buildSettings = {
				ASSETCATALOG_COMPILER_APPICON_NAME = AppIcon;
				ASSETCATALOG_COMPILER_GLOBAL_ACCENT_COLOR_NAME = AccentColor;
				CODE_SIGN_STYLE = Automatic;
				CURRENT_PROJECT_VERSION = 1;
				GENERATE_INFOPLIST_FILE = YES;
				INFOPLIST_FILE = appShre/Info.plist;
				INFOPLIST_KEY_UIApplicationSupportsIndirectInputEvents = YES;
				INFOPLIST_KEY_UILaunchStoryboardName = LaunchScreen;
				INFOPLIST_KEY_UIMainStoryboardFile = Main;
				INFOPLIST_KEY_UISupportedInterfaceOrientations_iPad = "UIInterfaceOrientationPortrait UIInterfaceOrientationPortraitUpsideDown UIInterfaceOrientationLandscapeLeft UIInterfaceOrientationLandscapeRight";
				INFOPLIST_KEY_UISupportedInterfaceOrientations_iPhone = "UIInterfaceOrientationPortrait UIInterfaceOrientationLandscapeLeft UIInterfaceOrientationLandscapeRight";
				LD_RUNPATH_SEARCH_PATHS = (
					"$(inherited)",
					"@executable_path/Frameworks",
				);
				MARKETING_VERSION = 1.0;
				PRODUCT_BUNDLE_IDENTIFIER = com.appShre;
				PRODUCT_NAME = "$(TARGET_NAME)";
				SWIFT_EMIT_LOC_STRINGS = YES;
				SWIFT_VERSION = 5.0;
				TARGETED_DEVICE_FAMILY = "1,2";
			};
			name = Release;
		};
		5BE4E4212B975904009D0777 /* Debug */ = {
			isa = XCBuildConfiguration;
			buildSettings = {
				ALWAYS_EMBED_SWIFT_STANDARD_LIBRARIES = YES;
				BUNDLE_LOADER = "$(TEST_HOST)";
				CODE_SIGN_STYLE = Automatic;
				CURRENT_PROJECT_VERSION = 1;
				GENERATE_INFOPLIST_FILE = YES;
				IPHONEOS_DEPLOYMENT_TARGET = 17.2;
				MARKETING_VERSION = 1.0;
				PRODUCT_BUNDLE_IDENTIFIER = com.appShreTests;
				PRODUCT_NAME = "$(TARGET_NAME)";
				SWIFT_EMIT_LOC_STRINGS = NO;
				SWIFT_VERSION = 5.0;
				TARGETED_DEVICE_FAMILY = "1,2";
				TEST_HOST = "$(BUILT_PRODUCTS_DIR)/appShre.app/$(BUNDLE_EXECUTABLE_FOLDER_PATH)/appShre";
			};
			name = Debug;
		};
		5BE4E4222B975904009D0777 /* Release */ = {
			isa = XCBuildConfiguration;
			buildSettings = {
				ALWAYS_EMBED_SWIFT_STANDARD_LIBRARIES = YES;
				BUNDLE_LOADER = "$(TEST_HOST)";
				CODE_SIGN_STYLE = Automatic;
				CURRENT_PROJECT_VERSION = 1;
				GENERATE_INFOPLIST_FILE = YES;
				IPHONEOS_DEPLOYMENT_TARGET = 17.2;
				MARKETING_VERSION = 1.0;
				PRODUCT_BUNDLE_IDENTIFIER = com.appShreTests;
				PRODUCT_NAME = "$(TARGET_NAME)";
				SWIFT_EMIT_LOC_STRINGS = NO;
				SWIFT_VERSION = 5.0;
				TARGETED_DEVICE_FAMILY = "1,2";
				TEST_HOST = "$(BUILT_PRODUCTS_DIR)/appShre.app/$(BUNDLE_EXECUTABLE_FOLDER_PATH)/appShre";
			};
			name = Release;
		};
		5BE4E4242B975904009D0777 /* Debug */ = {
			isa = XCBuildConfiguration;
			buildSettings = {
				ALWAYS_EMBED_SWIFT_STANDARD_LIBRARIES = YES;
				CODE_SIGN_STYLE = Automatic;
				CURRENT_PROJECT_VERSION = 1;
				GENERATE_INFOPLIST_FILE = YES;
				MARKETING_VERSION = 1.0;
				PRODUCT_BUNDLE_IDENTIFIER = com.appShreUITests;
				PRODUCT_NAME = "$(TARGET_NAME)";
				SWIFT_EMIT_LOC_STRINGS = NO;
				SWIFT_VERSION = 5.0;
				TARGETED_DEVICE_FAMILY = "1,2";
				TEST_TARGET_NAME = appShre;
			};
			name = Debug;
		};
		5BE4E4252B975904009D0777 /* Release */ = {
			isa = XCBuildConfiguration;
			buildSettings = {
				ALWAYS_EMBED_SWIFT_STANDARD_LIBRARIES = YES;
				CODE_SIGN_STYLE = Automatic;
				CURRENT_PROJECT_VERSION = 1;
				GENERATE_INFOPLIST_FILE = YES;
				MARKETING_VERSION = 1.0;
				PRODUCT_BUNDLE_IDENTIFIER = com.appShreUITests;
				PRODUCT_NAME = "$(TARGET_NAME)";
				SWIFT_EMIT_LOC_STRINGS = NO;
				SWIFT_VERSION = 5.0;
				TARGETED_DEVICE_FAMILY = "1,2";
				TEST_TARGET_NAME = appShre;
			};
			name = Release;
		};
/* End XCBuildConfiguration section */

/* Begin XCConfigurationList section */
		5BE4E3EE2B975900009D0777 /* Build configuration list for PBXProject "appShre" */ = {
			isa = XCConfigurationList;
			buildConfigurations = (
				5BE4E41B2B975904009D0777 /* Debug */,
				5BE4E41C2B975904009D0777 /* Release */,
			);
			defaultConfigurationIsVisible = 0;
			defaultConfigurationName = Release;
		};
		5BE4E41D2B975904009D0777 /* Build configuration list for PBXNativeTarget "appShre" */ = {
			isa = XCConfigurationList;
			buildConfigurations = (
				5BE4E41E2B975904009D0777 /* Debug */,
				5BE4E41F2B975904009D0777 /* Release */,
			);
			defaultConfigurationIsVisible = 0;
			defaultConfigurationName = Release;
		};
		5BE4E4202B975904009D0777 /* Build configuration list for PBXNativeTarget "appShreTests" */ = {
			isa = XCConfigurationList;
			buildConfigurations = (
				5BE4E4212B975904009D0777 /* Debug */,
				5BE4E4222B975904009D0777 /* Release */,
			);
			defaultConfigurationIsVisible = 0;
			defaultConfigurationName = Release;
		};
		5BE4E4232B975904009D0777 /* Build configuration list for PBXNativeTarget "appShreUITests" */ = {
			isa = XCConfigurationList;
			buildConfigurations = (
				5BE4E4242B975904009D0777 /* Debug */,
				5BE4E4252B975904009D0777 /* Release */,
			);
			defaultConfigurationIsVisible = 0;
			defaultConfigurationName = Release;
		};
/* End XCConfigurationList section */
	};
	rootObject = 5BE4E3EB2B975900009D0777 /* Project object */;
}
